
Microsoft Visual Studio Solution File, Format Version 12.00
# Visual Studio 15
VisualStudioVersion = 15.0.27703.2047
MinimumVisualStudioVersion = 10.0.40219.1
Project("{FAE04EC0-301F-11D3-BF4B-00C04F79EFBC}") = "SearchCommandLineApp", "SearchCommandLineApp\SearchCommandLineApp.csproj", "{0DEA5766-947C-4D2C-986A-6EE6CAEE633E}"
EndProject
Project("{FAE04EC0-301F-11D3-BF4B-00C04F79EFBC}") = "SearchCommandLineAppTests", "SearchCommandLineAppTests\SearchCommandLineAppTests.csproj", "{4110FD03-DDFA-43C8-9306-D9CE698C6CDF}"
EndProject
Global
	GlobalSection(SolutionConfigurationPlatforms) = preSolution
		Debug|Any CPU = Debug|Any CPU
		Release|Any CPU = Release|Any CPU
	EndGlobalSection
	GlobalSection(ProjectConfigurationPlatforms) = postSolution
		{0DEA5766-947C-4D2C-986A-6EE6CAEE633E}.Debug|Any CPU.ActiveCfg = Release|Any CPU
		{0DEA5766-947C-4D2C-986A-6EE6CAEE633E}.Debug|Any CPU.Build.0 = Release|Any CPU
		{0DEA5766-947C-4D2C-986A-6EE6CAEE633E}.Release|Any CPU.ActiveCfg = Release|Any CPU
		{0DEA5766-947C-4D2C-986A-6EE6CAEE633E}.Release|Any CPU.Build.0 = Release|Any CPU
		{4110FD03-DDFA-43C8-9306-D9CE698C6CDF}.Debug|Any CPU.ActiveCfg = Debug|Any CPU
		{4110FD03-DDFA-43C8-9306-D9CE698C6CDF}.Debug|Any CPU.Build.0 = Debug|Any CPU
		{4110FD03-DDFA-43C8-9306-D9CE698C6CDF}.Release|Any CPU.ActiveCfg = Release|Any CPU
		{4110FD03-DDFA-43C8-9306-D9CE698C6CDF}.Release|Any CPU.Build.0 = Release|Any CPU
	EndGlobalSection
	GlobalSection(SolutionProperties) = preSolution
		HideSolutionNode = FALSE
	EndGlobalSection
	GlobalSection(ExtensibilityGlobals) = postSolution
		SolutionGuid = {40E28E9D-7C19-4829-A7B6-06451C75B588}
	EndGlobalSection
EndGlobal
